
Microsoft Visual Studio Solution File, Format Version 12.00
# Visual Studio Version 17
VisualStudioVersion = 17.0.31903.59
MinimumVisualStudioVersion = 10.0.40219.1
Project("{FAE04EC0-301F-11D3-BF4B-00C04F79EFBC}") = "Portal", "Portal\Portal.csproj", "{AAEEB4F3-1106-4015-B6A1-93448F850425}"
EndProject
Project("{FAE04EC0-301F-11D3-BF4B-00C04F79EFBC}") = "PortalData", "PortalData\PortalData.csproj", "{F9990FB1-E993-434E-887A-107CF4B0C49F}"
EndProject
Project("{FAE04EC0-301F-11D3-BF4B-00C04F79EFBC}") = "PortalTest", "PortalTest\PortalTest.csproj", "{9CFF7D49-F71E-4902-80C4-514457C9FA09}"
EndProject
Global
	GlobalSection(SolutionConfigurationPlatforms) = preSolution
		Debug|Any CPU = Debug|Any CPU
		Release|Any CPU = Release|Any CPU
	EndGlobalSection
	GlobalSection(SolutionProperties) = preSolution
		HideSolutionNode = FALSE
	EndGlobalSection
	GlobalSection(ProjectConfigurationPlatforms) = postSolution
		{AAEEB4F3-1106-4015-B6A1-93448F850425}.Debug|Any CPU.ActiveCfg = Debug|Any CPU
		{AAEEB4F3-1106-4015-B6A1-93448F850425}.Debug|Any CPU.Build.0 = Debug|Any CPU
		{AAEEB4F3-1106-4015-B6A1-93448F850425}.Release|Any CPU.ActiveCfg = Release|Any CPU
		{AAEEB4F3-1106-4015-B6A1-93448F850425}.Release|Any CPU.Build.0 = Release|Any CPU
		{F9990FB1-E993-434E-887A-107CF4B0C49F}.Debug|Any CPU.ActiveCfg = Debug|Any CPU
		{F9990FB1-E993-434E-887A-107CF4B0C49F}.Debug|Any CPU.Build.0 = Debug|Any CPU
		{F9990FB1-E993-434E-887A-107CF4B0C49F}.Release|Any CPU.ActiveCfg = Release|Any CPU
		{F9990FB1-E993-434E-887A-107CF4B0C49F}.Release|Any CPU.Build.0 = Release|Any CPU
		{9CFF7D49-F71E-4902-80C4-514457C9FA09}.Debug|Any CPU.ActiveCfg = Debug|Any CPU
		{9CFF7D49-F71E-4902-80C4-514457C9FA09}.Debug|Any CPU.Build.0 = Debug|Any CPU
		{9CFF7D49-F71E-4902-80C4-514457C9FA09}.Release|Any CPU.ActiveCfg = Release|Any CPU
		{9CFF7D49-F71E-4902-80C4-514457C9FA09}.Release|Any CPU.Build.0 = Release|Any CPU
	EndGlobalSection
EndGlobal
